// !$*UTF8*$!
{
	archiveVersion = 1;
	classes = {
	};
	objectVersion = 50;
	objects = {

/* Begin PBXBuildFile section */
		AC263C8320B15FF600E0BCA1 /* UIViewExtension.swift in Sources */ = {isa = PBXBuildFile; fileRef = AC263C8220B15FF600E0BCA1 /* UIViewExtension.swift */; };
		AC263C8620B1665A00E0BCA1 /* DataSource.swift in Sources */ = {isa = PBXBuildFile; fileRef = AC263C8520B1665A00E0BCA1 /* DataSource.swift */; };
		AC263C8920B1693400E0BCA1 /* Food.swift in Sources */ = {isa = PBXBuildFile; fileRef = AC263C8820B1693400E0BCA1 /* Food.swift */; };
		AC263C8B20B16BEB00E0BCA1 /* Image.swift in Sources */ = {isa = PBXBuildFile; fileRef = AC263C8A20B16BEB00E0BCA1 /* Image.swift */; };
		AC263C8E20B1AC9100E0BCA1 /* DetailScreen.storyboard in Resources */ = {isa = PBXBuildFile; fileRef = AC263C8D20B1AC9100E0BCA1 /* DetailScreen.storyboard */; };
		AC263C9020B1ACB300E0BCA1 /* DetailScreenController.swift in Sources */ = {isa = PBXBuildFile; fileRef = AC263C8F20B1ACB300E0BCA1 /* DetailScreenController.swift */; };
		AC263C9320B1ACDD00E0BCA1 /* DetailScreenView.xib in Resources */ = {isa = PBXBuildFile; fileRef = AC263C9220B1ACDD00E0BCA1 /* DetailScreenView.xib */; };
		AC263C9520B1ACEC00E0BCA1 /* DetailScreenView.swift in Sources */ = {isa = PBXBuildFile; fileRef = AC263C9420B1ACEC00E0BCA1 /* DetailScreenView.swift */; };
		AC37937220B1F4D900C12DC9 /* StringExtension.swift in Sources */ = {isa = PBXBuildFile; fileRef = AC37936F20B1F4D800C12DC9 /* StringExtension.swift */; };
		AC37937320B1F4D900C12DC9 /* TintImage.swift in Sources */ = {isa = PBXBuildFile; fileRef = AC37937020B1F4D900C12DC9 /* TintImage.swift */; };
		AC37937420B1F4D900C12DC9 /* AppStoryboards.swift in Sources */ = {isa = PBXBuildFile; fileRef = AC37937120B1F4D900C12DC9 /* AppStoryboards.swift */; };
		AC37937720B1F4E900C12DC9 /* Delay.swift in Sources */ = {isa = PBXBuildFile; fileRef = AC37937520B1F4E800C12DC9 /* Delay.swift */; };
		AC37937820B1F4E900C12DC9 /* ConsoleLog.swift in Sources */ = {isa = PBXBuildFile; fileRef = AC37937620B1F4E800C12DC9 /* ConsoleLog.swift */; };
		AC37937A20B1F8BD00C12DC9 /* kj.swift in Sources */ = {isa = PBXBuildFile; fileRef = AC37937920B1F8BD00C12DC9 /* kj.swift */; };
		ACEB479F20B074540002B1A7 /* AppDelegate.swift in Sources */ = {isa = PBXBuildFile; fileRef = ACEB479E20B074540002B1A7 /* AppDelegate.swift */; };
		ACEB47A720B074540002B1A7 /* FastfoodApp.xcdatamodeld in Sources */ = {isa = PBXBuildFile; fileRef = ACEB47A520B074540002B1A7 /* FastfoodApp.xcdatamodeld */; };
		ACEB47A920B074570002B1A7 /* Assets.xcassets in Resources */ = {isa = PBXBuildFile; fileRef = ACEB47A820B074570002B1A7 /* Assets.xcassets */; };
		ACEB47AC20B074570002B1A7 /* LaunchScreen.storyboard in Resources */ = {isa = PBXBuildFile; fileRef = ACEB47AA20B074570002B1A7 /* LaunchScreen.storyboard */; };
		ACEB47B520B080FA0002B1A7 /* MainScreen.storyboard in Resources */ = {isa = PBXBuildFile; fileRef = ACEB47B420B080FA0002B1A7 /* MainScreen.storyboard */; };
		ACEB47B720B081620002B1A7 /* MainScreenView.xib in Resources */ = {isa = PBXBuildFile; fileRef = ACEB47B620B081620002B1A7 /* MainScreenView.xib */; };
		ACEB47B920B081770002B1A7 /* MainScreenView.swift in Sources */ = {isa = PBXBuildFile; fileRef = ACEB47B820B081770002B1A7 /* MainScreenView.swift */; };
		ACEB47BD20B082660002B1A7 /* MainScreenController.swift in Sources */ = {isa = PBXBuildFile; fileRef = ACEB47BC20B082660002B1A7 /* MainScreenController.swift */; };
		ACEB47C120B0C4CF0002B1A7 /* MainTableCell.swift in Sources */ = {isa = PBXBuildFile; fileRef = ACEB47BF20B0C4CF0002B1A7 /* MainTableCell.swift */; };
		ACEB47C220B0C4CF0002B1A7 /* MainTableCell.xib in Resources */ = {isa = PBXBuildFile; fileRef = ACEB47C020B0C4CF0002B1A7 /* MainTableCell.xib */; };
/* End PBXBuildFile section */

/* Begin PBXFileReference section */
		AC263C8220B15FF600E0BCA1 /* UIViewExtension.swift */ = {isa = PBXFileReference; lastKnownFileType = sourcecode.swift; path = UIViewExtension.swift; sourceTree = "<group>"; };
		AC263C8520B1665A00E0BCA1 /* DataSource.swift */ = {isa = PBXFileReference; lastKnownFileType = sourcecode.swift; path = DataSource.swift; sourceTree = "<group>"; };
		AC263C8820B1693400E0BCA1 /* Food.swift */ = {isa = PBXFileReference; lastKnownFileType = sourcecode.swift; path = Food.swift; sourceTree = "<group>"; };
		AC263C8A20B16BEB00E0BCA1 /* Image.swift */ = {isa = PBXFileReference; lastKnownFileType = sourcecode.swift; path = Image.swift; sourceTree = "<group>"; };
		AC263C8D20B1AC9100E0BCA1 /* DetailScreen.storyboard */ = {isa = PBXFileReference; lastKnownFileType = file.storyboard; path = DetailScreen.storyboard; sourceTree = "<group>"; };
		AC263C8F20B1ACB300E0BCA1 /* DetailScreenController.swift */ = {isa = PBXFileReference; lastKnownFileType = sourcecode.swift; path = DetailScreenController.swift; sourceTree = "<group>"; };
		AC263C9220B1ACDD00E0BCA1 /* DetailScreenView.xib */ = {isa = PBXFileReference; lastKnownFileType = file.xib; path = DetailScreenView.xib; sourceTree = "<group>"; };
		AC263C9420B1ACEC00E0BCA1 /* DetailScreenView.swift */ = {isa = PBXFileReference; lastKnownFileType = sourcecode.swift; path = DetailScreenView.swift; sourceTree = "<group>"; };
		AC37936F20B1F4D800C12DC9 /* StringExtension.swift */ = {isa = PBXFileReference; fileEncoding = 4; lastKnownFileType = sourcecode.swift; path = StringExtension.swift; sourceTree = "<group>"; };
		AC37937020B1F4D900C12DC9 /* TintImage.swift */ = {isa = PBXFileReference; fileEncoding = 4; lastKnownFileType = sourcecode.swift; path = TintImage.swift; sourceTree = "<group>"; };
		AC37937120B1F4D900C12DC9 /* AppStoryboards.swift */ = {isa = PBXFileReference; fileEncoding = 4; lastKnownFileType = sourcecode.swift; path = AppStoryboards.swift; sourceTree = "<group>"; };
		AC37937520B1F4E800C12DC9 /* Delay.swift */ = {isa = PBXFileReference; fileEncoding = 4; lastKnownFileType = sourcecode.swift; path = Delay.swift; sourceTree = "<group>"; };
		AC37937620B1F4E800C12DC9 /* ConsoleLog.swift */ = {isa = PBXFileReference; fileEncoding = 4; lastKnownFileType = sourcecode.swift; path = ConsoleLog.swift; sourceTree = "<group>"; };
		AC37937920B1F8BD00C12DC9 /* kj.swift */ = {isa = PBXFileReference; lastKnownFileType = sourcecode.swift; path = kj.swift; sourceTree = "<group>"; };
		ACEB479B20B074540002B1A7 /* FastfoodApp.app */ = {isa = PBXFileReference; explicitFileType = wrapper.application; includeInIndex = 0; path = FastfoodApp.app; sourceTree = BUILT_PRODUCTS_DIR; };
		ACEB479E20B074540002B1A7 /* AppDelegate.swift */ = {isa = PBXFileReference; lastKnownFileType = sourcecode.swift; path = AppDelegate.swift; sourceTree = "<group>"; };
		ACEB47A620B074540002B1A7 /* FastfoodApp.xcdatamodel */ = {isa = PBXFileReference; lastKnownFileType = wrapper.xcdatamodel; path = FastfoodApp.xcdatamodel; sourceTree = "<group>"; };
		ACEB47A820B074570002B1A7 /* Assets.xcassets */ = {isa = PBXFileReference; lastKnownFileType = folder.assetcatalog; path = Assets.xcassets; sourceTree = "<group>"; };
		ACEB47AB20B074570002B1A7 /* Base */ = {isa = PBXFileReference; lastKnownFileType = file.storyboard; name = Base; path = Base.lproj/LaunchScreen.storyboard; sourceTree = "<group>"; };
		ACEB47AD20B074570002B1A7 /* Info.plist */ = {isa = PBXFileReference; lastKnownFileType = text.plist.xml; path = Info.plist; sourceTree = "<group>"; };
		ACEB47B420B080FA0002B1A7 /* MainScreen.storyboard */ = {isa = PBXFileReference; lastKnownFileType = file.storyboard; path = MainScreen.storyboard; sourceTree = "<group>"; };
		ACEB47B620B081620002B1A7 /* MainScreenView.xib */ = {isa = PBXFileReference; lastKnownFileType = file.xib; path = MainScreenView.xib; sourceTree = "<group>"; };
		ACEB47B820B081770002B1A7 /* MainScreenView.swift */ = {isa = PBXFileReference; lastKnownFileType = sourcecode.swift; path = MainScreenView.swift; sourceTree = "<group>"; };
		ACEB47BC20B082660002B1A7 /* MainScreenController.swift */ = {isa = PBXFileReference; lastKnownFileType = sourcecode.swift; path = MainScreenController.swift; sourceTree = "<group>"; };
		ACEB47BF20B0C4CF0002B1A7 /* MainTableCell.swift */ = {isa = PBXFileReference; lastKnownFileType = sourcecode.swift; path = MainTableCell.swift; sourceTree = "<group>"; };
		ACEB47C020B0C4CF0002B1A7 /* MainTableCell.xib */ = {isa = PBXFileReference; lastKnownFileType = file.xib; path = MainTableCell.xib; sourceTree = "<group>"; };
/* End PBXFileReference section */

/* Begin PBXFrameworksBuildPhase section */
		ACEB479820B074540002B1A7 /* Frameworks */ = {
			isa = PBXFrameworksBuildPhase;
			buildActionMask = 2147483647;
			files = (
			);
			runOnlyForDeploymentPostprocessing = 0;
		};
/* End PBXFrameworksBuildPhase section */

/* Begin PBXGroup section */
		AC263C8120B15FCC00E0BCA1 /* Utils */ = {
			isa = PBXGroup;
			children = (
				AC37937620B1F4E800C12DC9 /* ConsoleLog.swift */,
				AC37937520B1F4E800C12DC9 /* Delay.swift */,
				AC37937120B1F4D900C12DC9 /* AppStoryboards.swift */,
				AC37936F20B1F4D800C12DC9 /* StringExtension.swift */,
				AC37937020B1F4D900C12DC9 /* TintImage.swift */,
				AC263C8220B15FF600E0BCA1 /* UIViewExtension.swift */,
			);
			path = Utils;
			sourceTree = "<group>";
		};
		AC263C8420B1650F00E0BCA1 /* DataSource */ = {
			isa = PBXGroup;
			children = (
				ACEB47A520B074540002B1A7 /* FastfoodApp.xcdatamodeld */,
				AC263C8520B1665A00E0BCA1 /* DataSource.swift */,
			);
			path = DataSource;
			sourceTree = "<group>";
		};
		AC263C8720B1692100E0BCA1 /* DataModels */ = {
			isa = PBXGroup;
			children = (
				AC263C8820B1693400E0BCA1 /* Food.swift */,
				AC263C8A20B16BEB00E0BCA1 /* Image.swift */,
			);
			path = DataModels;
			sourceTree = "<group>";
		};
		AC263C8C20B1AB8600E0BCA1 /* DetailScreen */ = {
			isa = PBXGroup;
			children = (
				AC263C9120B1ACC100E0BCA1 /* DetailScreenView */,
				AC263C8D20B1AC9100E0BCA1 /* DetailScreen.storyboard */,
				AC263C8F20B1ACB300E0BCA1 /* DetailScreenController.swift */,
			);
			path = DetailScreen;
			sourceTree = "<group>";
		};
		AC263C9120B1ACC100E0BCA1 /* DetailScreenView */ = {
			isa = PBXGroup;
			children = (
				AC263C9220B1ACDD00E0BCA1 /* DetailScreenView.xib */,
				AC263C9420B1ACEC00E0BCA1 /* DetailScreenView.swift */,
			);
			path = DetailScreenView;
			sourceTree = "<group>";
		};
		ACEB479220B074540002B1A7 = {
			isa = PBXGroup;
			children = (
				ACEB479D20B074540002B1A7 /* FastfoodApp */,
				ACEB479C20B074540002B1A7 /* Products */,
			);
			sourceTree = "<group>";
		};
		ACEB479C20B074540002B1A7 /* Products */ = {
			isa = PBXGroup;
			children = (
				ACEB479B20B074540002B1A7 /* FastfoodApp.app */,
			);
			name = Products;
			sourceTree = "<group>";
		};
		ACEB479D20B074540002B1A7 /* FastfoodApp */ = {
			isa = PBXGroup;
			children = (
				AC263C8720B1692100E0BCA1 /* DataModels */,
				AC263C8420B1650F00E0BCA1 /* DataSource */,
				AC263C8120B15FCC00E0BCA1 /* Utils */,
				ACEB47BB20B082240002B1A7 /* Screens */,
				ACEB47B320B074950002B1A7 /* Application */,
			);
			path = FastfoodApp;
			sourceTree = "<group>";
		};
		ACEB47B320B074950002B1A7 /* Application */ = {
			isa = PBXGroup;
			children = (
				ACEB479E20B074540002B1A7 /* AppDelegate.swift */,
				ACEB47AA20B074570002B1A7 /* LaunchScreen.storyboard */,
				ACEB47A820B074570002B1A7 /* Assets.xcassets */,
				ACEB47AD20B074570002B1A7 /* Info.plist */,
			);
			path = Application;
			sourceTree = "<group>";
		};
		ACEB47BA20B082180002B1A7 /* MainScreenView */ = {
			isa = PBXGroup;
			children = (
				ACEB47B620B081620002B1A7 /* MainScreenView.xib */,
				ACEB47B820B081770002B1A7 /* MainScreenView.swift */,
				ACEB47C320B0C4D80002B1A7 /* MainTableCell */,
			);
			path = MainScreenView;
			sourceTree = "<group>";
		};
		ACEB47BB20B082240002B1A7 /* Screens */ = {
			isa = PBXGroup;
			children = (
				AC263C8C20B1AB8600E0BCA1 /* DetailScreen */,
				ACEB47BE20B0C3F30002B1A7 /* MainScreen */,
			);
			path = Screens;
			sourceTree = "<group>";
		};
		ACEB47BE20B0C3F30002B1A7 /* MainScreen */ = {
			isa = PBXGroup;
			children = (
				ACEB47B420B080FA0002B1A7 /* MainScreen.storyboard */,
				ACEB47BC20B082660002B1A7 /* MainScreenController.swift */,
				ACEB47BA20B082180002B1A7 /* MainScreenView */,
			);
			path = MainScreen;
			sourceTree = "<group>";
		};
		ACEB47C320B0C4D80002B1A7 /* MainTableCell */ = {
			isa = PBXGroup;
			children = (
				ACEB47BF20B0C4CF0002B1A7 /* MainTableCell.swift */,
				ACEB47C020B0C4CF0002B1A7 /* MainTableCell.xib */,
				AC37937920B1F8BD00C12DC9 /* kj.swift */,
			);
			path = MainTableCell;
			sourceTree = "<group>";
		};
/* End PBXGroup section */

/* Begin PBXNativeTarget section */
		ACEB479A20B074540002B1A7 /* FastfoodApp */ = {
			isa = PBXNativeTarget;
			buildConfigurationList = ACEB47B020B074570002B1A7 /* Build configuration list for PBXNativeTarget "FastfoodApp" */;
			buildPhases = (
				ACEB479720B074540002B1A7 /* Sources */,
				ACEB479820B074540002B1A7 /* Frameworks */,
				ACEB479920B074540002B1A7 /* Resources */,
			);
			buildRules = (
			);
			dependencies = (
			);
			name = FastfoodApp;
			productName = FastfoodApp;
			productReference = ACEB479B20B074540002B1A7 /* FastfoodApp.app */;
			productType = "com.apple.product-type.application";
		};
/* End PBXNativeTarget section */

/* Begin PBXProject section */
		ACEB479320B074540002B1A7 /* Project object */ = {
			isa = PBXProject;
			attributes = {
				LastSwiftUpdateCheck = 0930;
				LastUpgradeCheck = 0930;
				ORGANIZATIONNAME = "major-food";
				TargetAttributes = {
					ACEB479A20B074540002B1A7 = {
						CreatedOnToolsVersion = 9.3;
					};
				};
			};
			buildConfigurationList = ACEB479620B074540002B1A7 /* Build configuration list for PBXProject "FastfoodApp" */;
			compatibilityVersion = "Xcode 9.3";
			developmentRegion = en;
			hasScannedForEncodings = 0;
			knownRegions = (
				en,
				Base,
			);
			mainGroup = ACEB479220B074540002B1A7;
			productRefGroup = ACEB479C20B074540002B1A7 /* Products */;
			projectDirPath = "";
			projectRoot = "";
			targets = (
				ACEB479A20B074540002B1A7 /* FastfoodApp */,
			);
		};
/* End PBXProject section */

/* Begin PBXResourcesBuildPhase section */
		ACEB479920B074540002B1A7 /* Resources */ = {
			isa = PBXResourcesBuildPhase;
			buildActionMask = 2147483647;
			files = (
				ACEB47AC20B074570002B1A7 /* LaunchScreen.storyboard in Resources */,
				AC263C8E20B1AC9100E0BCA1 /* DetailScreen.storyboard in Resources */,
				ACEB47C220B0C4CF0002B1A7 /* MainTableCell.xib in Resources */,
				ACEB47B520B080FA0002B1A7 /* MainScreen.storyboard in Resources */,
				ACEB47A920B074570002B1A7 /* Assets.xcassets in Resources */,
				ACEB47B720B081620002B1A7 /* MainScreenView.xib in Resources */,
				AC263C9320B1ACDD00E0BCA1 /* DetailScreenView.xib in Resources */,
			);
			runOnlyForDeploymentPostprocessing = 0;
		};
/* End PBXResourcesBuildPhase section */

/* Begin PBXSourcesBuildPhase section */
		ACEB479720B074540002B1A7 /* Sources */ = {
			isa = PBXSourcesBuildPhase;
			buildActionMask = 2147483647;
			files = (
				AC37937820B1F4E900C12DC9 /* ConsoleLog.swift in Sources */,
				AC37937320B1F4D900C12DC9 /* TintImage.swift in Sources */,
				AC263C9520B1ACEC00E0BCA1 /* DetailScreenView.swift in Sources */,
				ACEB47A720B074540002B1A7 /* FastfoodApp.xcdatamodeld in Sources */,
				ACEB479F20B074540002B1A7 /* AppDelegate.swift in Sources */,
				ACEB47C120B0C4CF0002B1A7 /* MainTableCell.swift in Sources */,
				AC263C8320B15FF600E0BCA1 /* UIViewExtension.swift in Sources */,
				AC37937420B1F4D900C12DC9 /* AppStoryboards.swift in Sources */,
				AC263C9020B1ACB300E0BCA1 /* DetailScreenController.swift in Sources */,
				AC263C8920B1693400E0BCA1 /* Food.swift in Sources */,
				AC37937720B1F4E900C12DC9 /* Delay.swift in Sources */,
				ACEB47B920B081770002B1A7 /* MainScreenView.swift in Sources */,
				AC37937220B1F4D900C12DC9 /* StringExtension.swift in Sources */,
				AC263C8620B1665A00E0BCA1 /* DataSource.swift in Sources */,
				AC37937A20B1F8BD00C12DC9 /* kj.swift in Sources */,
				ACEB47BD20B082660002B1A7 /* MainScreenController.swift in Sources */,
				AC263C8B20B16BEB00E0BCA1 /* Image.swift in Sources */,
			);
			runOnlyForDeploymentPostprocessing = 0;
		};
/* End PBXSourcesBuildPhase section */

/* Begin PBXVariantGroup section */
		ACEB47AA20B074570002B1A7 /* LaunchScreen.storyboard */ = {
			isa = PBXVariantGroup;
			children = (
				ACEB47AB20B074570002B1A7 /* Base */,
			);
			name = LaunchScreen.storyboard;
			sourceTree = "<group>";
		};
/* End PBXVariantGroup section */

/* Begin XCBuildConfiguration section */
		ACEB47AE20B074570002B1A7 /* Debug */ = {
			isa = XCBuildConfiguration;
			buildSettings = {
				ALWAYS_SEARCH_USER_PATHS = NO;
				CLANG_ANALYZER_NONNULL = YES;
				CLANG_ANALYZER_NUMBER_OBJECT_CONVERSION = YES_AGGRESSIVE;
				CLANG_CXX_LANGUAGE_STANDARD = "gnu++14";
				CLANG_CXX_LIBRARY = "libc++";
				CLANG_ENABLE_MODULES = YES;
				CLANG_ENABLE_OBJC_ARC = YES;
				CLANG_ENABLE_OBJC_WEAK = YES;
				CLANG_WARN_BLOCK_CAPTURE_AUTORELEASING = YES;
				CLANG_WARN_BOOL_CONVERSION = YES;
				CLANG_WARN_COMMA = YES;
				CLANG_WARN_CONSTANT_CONVERSION = YES;
				CLANG_WARN_DEPRECATED_OBJC_IMPLEMENTATIONS = YES;
				CLANG_WARN_DIRECT_OBJC_ISA_USAGE = YES_ERROR;
				CLANG_WARN_DOCUMENTATION_COMMENTS = YES;
				CLANG_WARN_EMPTY_BODY = YES;
				CLANG_WARN_ENUM_CONVERSION = YES;
				CLANG_WARN_INFINITE_RECURSION = YES;
				CLANG_WARN_INT_CONVERSION = YES;
				CLANG_WARN_NON_LITERAL_NULL_CONVERSION = YES;
				CLANG_WARN_OBJC_IMPLICIT_RETAIN_SELF = YES;
				CLANG_WARN_OBJC_LITERAL_CONVERSION = YES;
				CLANG_WARN_OBJC_ROOT_CLASS = YES_ERROR;
				CLANG_WARN_RANGE_LOOP_ANALYSIS = YES;
				CLANG_WARN_STRICT_PROTOTYPES = YES;
				CLANG_WARN_SUSPICIOUS_MOVE = YES;
				CLANG_WARN_UNGUARDED_AVAILABILITY = YES_AGGRESSIVE;
				CLANG_WARN_UNREACHABLE_CODE = YES;
				CLANG_WARN__DUPLICATE_METHOD_MATCH = YES;
				CODE_SIGN_IDENTITY = "iPhone Developer";
				COPY_PHASE_STRIP = NO;
				DEBUG_INFORMATION_FORMAT = dwarf;
				ENABLE_STRICT_OBJC_MSGSEND = YES;
				ENABLE_TESTABILITY = YES;
				GCC_C_LANGUAGE_STANDARD = gnu11;
				GCC_DYNAMIC_NO_PIC = NO;
				GCC_NO_COMMON_BLOCKS = YES;
				GCC_OPTIMIZATION_LEVEL = 0;
				GCC_PREPROCESSOR_DEFINITIONS = (
					"DEBUG=1",
					"$(inherited)",
				);
				GCC_WARN_64_TO_32_BIT_CONVERSION = YES;
				GCC_WARN_ABOUT_RETURN_TYPE = YES_ERROR;
				GCC_WARN_UNDECLARED_SELECTOR = YES;
				GCC_WARN_UNINITIALIZED_AUTOS = YES_AGGRESSIVE;
				GCC_WARN_UNUSED_FUNCTION = YES;
				GCC_WARN_UNUSED_VARIABLE = YES;
				IPHONEOS_DEPLOYMENT_TARGET = 11.3;
				MTL_ENABLE_DEBUG_INFO = YES;
				ONLY_ACTIVE_ARCH = YES;
				SDKROOT = iphoneos;
				SWIFT_ACTIVE_COMPILATION_CONDITIONS = DEBUG;
				SWIFT_OPTIMIZATION_LEVEL = "-Onone";
			};
			name = Debug;
		};
		ACEB47AF20B074570002B1A7 /* Release */ = {
			isa = XCBuildConfiguration;
			buildSettings = {
				ALWAYS_SEARCH_USER_PATHS = NO;
				CLANG_ANALYZER_NONNULL = YES;
				CLANG_ANALYZER_NUMBER_OBJECT_CONVERSION = YES_AGGRESSIVE;
				CLANG_CXX_LANGUAGE_STANDARD = "gnu++14";
				CLANG_CXX_LIBRARY = "libc++";
				CLANG_ENABLE_MODULES = YES;
				CLANG_ENABLE_OBJC_ARC = YES;
				CLANG_ENABLE_OBJC_WEAK = YES;
				CLANG_WARN_BLOCK_CAPTURE_AUTORELEASING = YES;
				CLANG_WARN_BOOL_CONVERSION = YES;
				CLANG_WARN_COMMA = YES;
				CLANG_WARN_CONSTANT_CONVERSION = YES;
				CLANG_WARN_DEPRECATED_OBJC_IMPLEMENTATIONS = YES;
				CLANG_WARN_DIRECT_OBJC_ISA_USAGE = YES_ERROR;
				CLANG_WARN_DOCUMENTATION_COMMENTS = YES;
				CLANG_WARN_EMPTY_BODY = YES;
				CLANG_WARN_ENUM_CONVERSION = YES;
				CLANG_WARN_INFINITE_RECURSION = YES;
				CLANG_WARN_INT_CONVERSION = YES;
				CLANG_WARN_NON_LITERAL_NULL_CONVERSION = YES;
				CLANG_WARN_OBJC_IMPLICIT_RETAIN_SELF = YES;
				CLANG_WARN_OBJC_LITERAL_CONVERSION = YES;
				CLANG_WARN_OBJC_ROOT_CLASS = YES_ERROR;
				CLANG_WARN_RANGE_LOOP_ANALYSIS = YES;
				CLANG_WARN_STRICT_PROTOTYPES = YES;
				CLANG_WARN_SUSPICIOUS_MOVE = YES;
				CLANG_WARN_UNGUARDED_AVAILABILITY = YES_AGGRESSIVE;
				CLANG_WARN_UNREACHABLE_CODE = YES;
				CLANG_WARN__DUPLICATE_METHOD_MATCH = YES;
				CODE_SIGN_IDENTITY = "iPhone Developer";
				COPY_PHASE_STRIP = NO;
				DEBUG_INFORMATION_FORMAT = "dwarf-with-dsym";
				ENABLE_NS_ASSERTIONS = NO;
				ENABLE_STRICT_OBJC_MSGSEND = YES;
				GCC_C_LANGUAGE_STANDARD = gnu11;
				GCC_NO_COMMON_BLOCKS = YES;
				GCC_WARN_64_TO_32_BIT_CONVERSION = YES;
				GCC_WARN_ABOUT_RETURN_TYPE = YES_ERROR;
				GCC_WARN_UNDECLARED_SELECTOR = YES;
				GCC_WARN_UNINITIALIZED_AUTOS = YES_AGGRESSIVE;
				GCC_WARN_UNUSED_FUNCTION = YES;
				GCC_WARN_UNUSED_VARIABLE = YES;
				IPHONEOS_DEPLOYMENT_TARGET = 11.3;
				MTL_ENABLE_DEBUG_INFO = NO;
				SDKROOT = iphoneos;
				SWIFT_COMPILATION_MODE = wholemodule;
				SWIFT_OPTIMIZATION_LEVEL = "-O";
				VALIDATE_PRODUCT = YES;
			};
			name = Release;
		};
		ACEB47B120B074570002B1A7 /* Debug */ = {
			isa = XCBuildConfiguration;
			buildSettings = {
				ASSETCATALOG_COMPILER_APPICON_NAME = AppIcon;
				CODE_SIGN_STYLE = Automatic;
				DEVELOPMENT_TEAM = 5P72TYW9D4;
				INFOPLIST_FILE = "$(SRCROOT)/FastfoodApp/Application/Info.plist";
				IPHONEOS_DEPLOYMENT_TARGET = 10.0;
				LD_RUNPATH_SEARCH_PATHS = (
					"$(inherited)",
					"@executable_path/Frameworks",
				);
				PRODUCT_BUNDLE_IDENTIFIER = "major-food.ru.FastfoodApp";
				PRODUCT_NAME = "$(TARGET_NAME)";
				SWIFT_VERSION = 4.0;
				TARGETED_DEVICE_FAMILY = "1,2";
			};
			name = Debug;
		};
		ACEB47B220B074570002B1A7 /* Release */ = {
			isa = XCBuildConfiguration;
			buildSettings = {
				ASSETCATALOG_COMPILER_APPICON_NAME = AppIcon;
				CODE_SIGN_STYLE = Automatic;
				DEVELOPMENT_TEAM = 5P72TYW9D4;
				INFOPLIST_FILE = "$(SRCROOT)/FastfoodApp/Application/Info.plist";
				IPHONEOS_DEPLOYMENT_TARGET = 10.0;
				LD_RUNPATH_SEARCH_PATHS = (
					"$(inherited)",
					"@executable_path/Frameworks",
				);
				PRODUCT_BUNDLE_IDENTIFIER = "major-food.ru.FastfoodApp";
				PRODUCT_NAME = "$(TARGET_NAME)";
				SWIFT_VERSION = 4.0;
				TARGETED_DEVICE_FAMILY = "1,2";
			};
			name = Release;
		};
/* End XCBuildConfiguration section */

/* Begin XCConfigurationList section */
		ACEB479620B074540002B1A7 /* Build configuration list for PBXProject "FastfoodApp" */ = {
			isa = XCConfigurationList;
			buildConfigurations = (
				ACEB47AE20B074570002B1A7 /* Debug */,
				ACEB47AF20B074570002B1A7 /* Release */,
			);
			defaultConfigurationIsVisible = 0;
			defaultConfigurationName = Release;
		};
		ACEB47B020B074570002B1A7 /* Build configuration list for PBXNativeTarget "FastfoodApp" */ = {
			isa = XCConfigurationList;
			buildConfigurations = (
				ACEB47B120B074570002B1A7 /* Debug */,
				ACEB47B220B074570002B1A7 /* Release */,
			);
			defaultConfigurationIsVisible = 0;
			defaultConfigurationName = Release;
		};
/* End XCConfigurationList section */

/* Begin XCVersionGroup section */
		ACEB47A520B074540002B1A7 /* FastfoodApp.xcdatamodeld */ = {
			isa = XCVersionGroup;
			children = (
				ACEB47A620B074540002B1A7 /* FastfoodApp.xcdatamodel */,
			);
			currentVersion = ACEB47A620B074540002B1A7 /* FastfoodApp.xcdatamodel */;
			path = FastfoodApp.xcdatamodeld;
			sourceTree = "<group>";
			versionGroupType = wrapper.xcdatamodel;
		};
/* End XCVersionGroup section */
	};
	rootObject = ACEB479320B074540002B1A7 /* Project object */;
}
